
Microsoft Visual Studio Solution File, Format Version 11.00
# Visual Studio 2010
Project("{FAE04EC0-301F-11D3-BF4B-00C04F79EFBC}") = "PassFruit.Contracts", "PassFruit.Contracts\PassFruit.Contracts.csproj", "{3971F9F7-3A79-401D-93F6-5B50A10D15C2}"
EndProject
Project("{FAE04EC0-301F-11D3-BF4B-00C04F79EFBC}") = "PassFruit.Client", "PassFruit.Client\PassFruit.Client.csproj", "{380647F7-1443-4FFF-9101-30AFF1822140}"
EndProject
Project("{FAE04EC0-301F-11D3-BF4B-00C04F79EFBC}") = "PassFruit.Client.InMemoryRepository", "PassFruit.Client.InMemoryRepository\PassFruit.Client.InMemoryRepository.csproj", "{EF5C1406-CD43-46C7-A5C3-DBC74770585F}"
EndProject
Project("{FAE04EC0-301F-11D3-BF4B-00C04F79EFBC}") = "PassFruit.Client.XmlRepository.Tests", "PassFruit.Client.XmlRepository.Tests\PassFruit.Client.XmlRepository.Tests.csproj", "{94587E6F-E2F6-4394-AB7C-F4037B726425}"
EndProject
Project("{2150E333-8FDC-42A3-9474-1A3956D46DE8}") = "PassFruit.Client", "PassFruit.Client", "{4EDDD905-B35C-4955-8933-39B7AC0909BB}"
EndProject
Project("{2150E333-8FDC-42A3-9474-1A3956D46DE8}") = "PassFruit", "PassFruit", "{57FBA623-FA60-46C0-B35B-27914F4390BF}"
EndProject
Project("{FAE04EC0-301F-11D3-BF4B-00C04F79EFBC}") = "PassFruit", "PassFruit\PassFruit.csproj", "{02D15B96-AD18-466A-88D7-454652E8347A}"
EndProject
Project("{2150E333-8FDC-42A3-9474-1A3956D46DE8}") = "PassFruit.Tests", "PassFruit.Tests", "{64D25632-6F41-4908-8C08-ED9EFC62648C}"
EndProject
Project("{FAE04EC0-301F-11D3-BF4B-00C04F79EFBC}") = "PassFruit.Client.InMemoryRepository.Tests", "PassFruit.Client.InMemoryRepository.Tests\PassFruit.Client.InMemoryRepository.Tests.csproj", "{BACCC516-255A-466D-8988-5281345F9BFB}"
EndProject
Project("{FAE04EC0-301F-11D3-BF4B-00C04F79EFBC}") = "PassFruit.Tests.FakeData", "PassFruit.Tests.FakeData\PassFruit.Tests.FakeData.csproj", "{67DFF456-D3B0-4F62-BDC7-D0154C46C662}"
EndProject
Global
	GlobalSection(SolutionConfigurationPlatforms) = preSolution
		Debug|Any CPU = Debug|Any CPU
		Release|Any CPU = Release|Any CPU
	EndGlobalSection
	GlobalSection(ProjectConfigurationPlatforms) = postSolution
		{3971F9F7-3A79-401D-93F6-5B50A10D15C2}.Debug|Any CPU.ActiveCfg = Debug|Any CPU
		{3971F9F7-3A79-401D-93F6-5B50A10D15C2}.Debug|Any CPU.Build.0 = Debug|Any CPU
		{3971F9F7-3A79-401D-93F6-5B50A10D15C2}.Release|Any CPU.ActiveCfg = Release|Any CPU
		{3971F9F7-3A79-401D-93F6-5B50A10D15C2}.Release|Any CPU.Build.0 = Release|Any CPU
		{380647F7-1443-4FFF-9101-30AFF1822140}.Debug|Any CPU.ActiveCfg = Debug|Any CPU
		{380647F7-1443-4FFF-9101-30AFF1822140}.Debug|Any CPU.Build.0 = Debug|Any CPU
		{380647F7-1443-4FFF-9101-30AFF1822140}.Release|Any CPU.ActiveCfg = Release|Any CPU
		{380647F7-1443-4FFF-9101-30AFF1822140}.Release|Any CPU.Build.0 = Release|Any CPU
		{EF5C1406-CD43-46C7-A5C3-DBC74770585F}.Debug|Any CPU.ActiveCfg = Debug|Any CPU
		{EF5C1406-CD43-46C7-A5C3-DBC74770585F}.Debug|Any CPU.Build.0 = Debug|Any CPU
		{EF5C1406-CD43-46C7-A5C3-DBC74770585F}.Release|Any CPU.ActiveCfg = Release|Any CPU
		{EF5C1406-CD43-46C7-A5C3-DBC74770585F}.Release|Any CPU.Build.0 = Release|Any CPU
		{94587E6F-E2F6-4394-AB7C-F4037B726425}.Debug|Any CPU.ActiveCfg = Debug|Any CPU
		{94587E6F-E2F6-4394-AB7C-F4037B726425}.Debug|Any CPU.Build.0 = Debug|Any CPU
		{94587E6F-E2F6-4394-AB7C-F4037B726425}.Release|Any CPU.ActiveCfg = Release|Any CPU
		{94587E6F-E2F6-4394-AB7C-F4037B726425}.Release|Any CPU.Build.0 = Release|Any CPU
		{02D15B96-AD18-466A-88D7-454652E8347A}.Debug|Any CPU.ActiveCfg = Debug|Any CPU
		{02D15B96-AD18-466A-88D7-454652E8347A}.Debug|Any CPU.Build.0 = Debug|Any CPU
		{02D15B96-AD18-466A-88D7-454652E8347A}.Release|Any CPU.ActiveCfg = Release|Any CPU
		{02D15B96-AD18-466A-88D7-454652E8347A}.Release|Any CPU.Build.0 = Release|Any CPU
		{BACCC516-255A-466D-8988-5281345F9BFB}.Debug|Any CPU.ActiveCfg = Debug|Any CPU
		{BACCC516-255A-466D-8988-5281345F9BFB}.Debug|Any CPU.Build.0 = Debug|Any CPU
		{BACCC516-255A-466D-8988-5281345F9BFB}.Release|Any CPU.ActiveCfg = Release|Any CPU
		{BACCC516-255A-466D-8988-5281345F9BFB}.Release|Any CPU.Build.0 = Release|Any CPU
		{67DFF456-D3B0-4F62-BDC7-D0154C46C662}.Debug|Any CPU.ActiveCfg = Debug|Any CPU
		{67DFF456-D3B0-4F62-BDC7-D0154C46C662}.Debug|Any CPU.Build.0 = Debug|Any CPU
		{67DFF456-D3B0-4F62-BDC7-D0154C46C662}.Release|Any CPU.ActiveCfg = Release|Any CPU
		{67DFF456-D3B0-4F62-BDC7-D0154C46C662}.Release|Any CPU.Build.0 = Release|Any CPU
	EndGlobalSection
	GlobalSection(SolutionProperties) = preSolution
		HideSolutionNode = FALSE
	EndGlobalSection
	GlobalSection(NestedProjects) = preSolution
		{3971F9F7-3A79-401D-93F6-5B50A10D15C2} = {57FBA623-FA60-46C0-B35B-27914F4390BF}
		{02D15B96-AD18-466A-88D7-454652E8347A} = {57FBA623-FA60-46C0-B35B-27914F4390BF}
		{EF5C1406-CD43-46C7-A5C3-DBC74770585F} = {4EDDD905-B35C-4955-8933-39B7AC0909BB}
		{380647F7-1443-4FFF-9101-30AFF1822140} = {4EDDD905-B35C-4955-8933-39B7AC0909BB}
		{94587E6F-E2F6-4394-AB7C-F4037B726425} = {64D25632-6F41-4908-8C08-ED9EFC62648C}
		{BACCC516-255A-466D-8988-5281345F9BFB} = {64D25632-6F41-4908-8C08-ED9EFC62648C}
		{67DFF456-D3B0-4F62-BDC7-D0154C46C662} = {64D25632-6F41-4908-8C08-ED9EFC62648C}
	EndGlobalSection
EndGlobal
