
Microsoft Visual Studio Solution File, Format Version 12.00
# Visual Studio 2012
Project("{FAE04EC0-301F-11D3-BF4B-00C04F79EFBC}") = "PassFruit.Security.Cryptography", "PassFruit.Security.Cryptography\PassFruit.Security.Cryptography.csproj", "{9F3EC07B-5832-4E70-A64A-6BFA892A3C8F}"
EndProject
Project("{FAE04EC0-301F-11D3-BF4B-00C04F79EFBC}") = "PassFruit.Security.Cryptography.Net45", "PassFruit.Security.Cryptography.Net45\PassFruit.Security.Cryptography.Net45.csproj", "{F5E60881-811E-40A4-BFC6-D3AF51932F19}"
EndProject
Project("{FAE04EC0-301F-11D3-BF4B-00C04F79EFBC}") = "PassFruit.Client", "PassFruit.Client\PassFruit.Client.csproj", "{2E9940B7-F9A9-4E7C-95AA-F96171967D3D}"
EndProject
Project("{FAE04EC0-301F-11D3-BF4B-00C04F79EFBC}") = "PassFruit.Ui.ConsoleApp", "PassFruit.Ui.Console\PassFruit.Ui.ConsoleApp.csproj", "{CAB3F184-A2AE-407C-AA53-804795DDBC0B}"
EndProject
Project("{FAE04EC0-301F-11D3-BF4B-00C04F79EFBC}") = "PassFruit.Ui.Wp", "PassFruit.Ui.Wp\PassFruit.Ui.Wp.csproj", "{3F98C228-F367-439D-8F3F-6E679E26CE4A}"
EndProject
Project("{FAE04EC0-301F-11D3-BF4B-00C04F79EFBC}") = "PassFruit.Storage", "PassFruit.Storage\PassFruit.Storage.csproj", "{83969D03-D1D2-4E6F-9785-0BFF1711A174}"
EndProject
Project("{2150E333-8FDC-42A3-9474-1A3956D46DE8}") = "PassFruit.Security", "PassFruit.Security", "{3C90316E-6A82-4451-95D2-F390833E1F64}"
EndProject
Project("{2150E333-8FDC-42A3-9474-1A3956D46DE8}") = "PassFruit.Client", "PassFruit.Client", "{628C7153-78CB-4F37-A573-4D8AA81BE02A}"
EndProject
Project("{2150E333-8FDC-42A3-9474-1A3956D46DE8}") = "PassFruit.Ui", "PassFruit.Ui", "{22AD1080-8ED3-4AE4-9FD1-80C0CC80B373}"
EndProject
Project("{2150E333-8FDC-42A3-9474-1A3956D46DE8}") = "PassFruit.Server", "PassFruit.Server", "{5C8F076E-4C89-4F62-8543-6BF8150D5233}"
EndProject
Project("{2150E333-8FDC-42A3-9474-1A3956D46DE8}") = "PassFruit.Storage", "PassFruit.Storage", "{3E2F1499-2872-4FDB-9014-60A52E1ABAF5}"
EndProject
Project("{2150E333-8FDC-42A3-9474-1A3956D46DE8}") = "PassFruit.Api", "PassFruit.Api", "{3127CBDC-02BC-4EAF-B13E-711ACF9C3ACB}"
EndProject
Project("{FAE04EC0-301F-11D3-BF4B-00C04F79EFBC}") = "PassFruit.Storage.Json", "PassFruit.Storage.Json\PassFruit.Storage.Json.csproj", "{CB26CFFE-0CC7-49F8-A367-D9C696B6BF4E}"
EndProject
Project("{FAE04EC0-301F-11D3-BF4B-00C04F79EFBC}") = "PassFruit.Storage.InMemory", "PassFruit.Storage.InMemory\PassFruit.Storage.InMemory.csproj", "{975938AB-52EA-40DE-85A9-29C4516D9830}"
EndProject
Project("{FAE04EC0-301F-11D3-BF4B-00C04F79EFBC}") = "PassFruit.Storage.Xml", "PassFruit.Storage.Xml\PassFruit.Storage.Xml.csproj", "{6905ABA6-B013-4ABD-BA29-298371754352}"
EndProject
Project("{FAE04EC0-301F-11D3-BF4B-00C04F79EFBC}") = "PassFruit.Tests.Storage", "PassFruit.Tests.Storage\PassFruit.Tests.Storage.csproj", "{69C98768-AE81-495C-A341-6B8FC0692551}"
EndProject
Project("{FAE04EC0-301F-11D3-BF4B-00C04F79EFBC}") = "PassFruit.Tests.Client", "PassFruit.Tests.Client\PassFruit.Tests.Client.csproj", "{77DF091D-8B22-45F2-A409-8158E37C30AE}"
EndProject
Project("{FAE04EC0-301F-11D3-BF4B-00C04F79EFBC}") = "PassFruit.Tests.Security", "PassFruit.Tests.Security\PassFruit.Tests.Security.csproj", "{69E06F86-9EAF-4A88-81C1-D8B10AA63B78}"
EndProject
Project("{FAE04EC0-301F-11D3-BF4B-00C04F79EFBC}") = "PassFruit.Server", "PassFruit.Server\PassFruit.Server.csproj", "{09A00442-D8D9-4A15-8FB0-C4D088E71C3D}"
EndProject
Project("{FAE04EC0-301F-11D3-BF4B-00C04F79EFBC}") = "PassFruit.Tests.Server", "PassFruit.Tests.Server\PassFruit.Tests.Server.csproj", "{45202FB7-DC28-4CD1-A170-F92F79D785E6}"
EndProject
Global
	GlobalSection(SolutionConfigurationPlatforms) = preSolution
		Debug|Any CPU = Debug|Any CPU
		Debug|Mixed Platforms = Debug|Mixed Platforms
		Debug|x86 = Debug|x86
		Release|Any CPU = Release|Any CPU
		Release|Mixed Platforms = Release|Mixed Platforms
		Release|x86 = Release|x86
	EndGlobalSection
	GlobalSection(ProjectConfigurationPlatforms) = postSolution
		{9F3EC07B-5832-4E70-A64A-6BFA892A3C8F}.Debug|Any CPU.ActiveCfg = Debug|Any CPU
		{9F3EC07B-5832-4E70-A64A-6BFA892A3C8F}.Debug|Any CPU.Build.0 = Debug|Any CPU
		{9F3EC07B-5832-4E70-A64A-6BFA892A3C8F}.Debug|Mixed Platforms.ActiveCfg = Debug|Any CPU
		{9F3EC07B-5832-4E70-A64A-6BFA892A3C8F}.Debug|Mixed Platforms.Build.0 = Debug|Any CPU
		{9F3EC07B-5832-4E70-A64A-6BFA892A3C8F}.Debug|x86.ActiveCfg = Debug|Any CPU
		{9F3EC07B-5832-4E70-A64A-6BFA892A3C8F}.Release|Any CPU.ActiveCfg = Release|Any CPU
		{9F3EC07B-5832-4E70-A64A-6BFA892A3C8F}.Release|Any CPU.Build.0 = Release|Any CPU
		{9F3EC07B-5832-4E70-A64A-6BFA892A3C8F}.Release|Mixed Platforms.ActiveCfg = Release|Any CPU
		{9F3EC07B-5832-4E70-A64A-6BFA892A3C8F}.Release|Mixed Platforms.Build.0 = Release|Any CPU
		{9F3EC07B-5832-4E70-A64A-6BFA892A3C8F}.Release|x86.ActiveCfg = Release|Any CPU
		{F5E60881-811E-40A4-BFC6-D3AF51932F19}.Debug|Any CPU.ActiveCfg = Debug|Any CPU
		{F5E60881-811E-40A4-BFC6-D3AF51932F19}.Debug|Any CPU.Build.0 = Debug|Any CPU
		{F5E60881-811E-40A4-BFC6-D3AF51932F19}.Debug|Mixed Platforms.ActiveCfg = Debug|Any CPU
		{F5E60881-811E-40A4-BFC6-D3AF51932F19}.Debug|Mixed Platforms.Build.0 = Debug|Any CPU
		{F5E60881-811E-40A4-BFC6-D3AF51932F19}.Debug|x86.ActiveCfg = Debug|Any CPU
		{F5E60881-811E-40A4-BFC6-D3AF51932F19}.Release|Any CPU.ActiveCfg = Release|Any CPU
		{F5E60881-811E-40A4-BFC6-D3AF51932F19}.Release|Any CPU.Build.0 = Release|Any CPU
		{F5E60881-811E-40A4-BFC6-D3AF51932F19}.Release|Mixed Platforms.ActiveCfg = Release|Any CPU
		{F5E60881-811E-40A4-BFC6-D3AF51932F19}.Release|Mixed Platforms.Build.0 = Release|Any CPU
		{F5E60881-811E-40A4-BFC6-D3AF51932F19}.Release|x86.ActiveCfg = Release|Any CPU
		{2E9940B7-F9A9-4E7C-95AA-F96171967D3D}.Debug|Any CPU.ActiveCfg = Debug|Any CPU
		{2E9940B7-F9A9-4E7C-95AA-F96171967D3D}.Debug|Any CPU.Build.0 = Debug|Any CPU
		{2E9940B7-F9A9-4E7C-95AA-F96171967D3D}.Debug|Mixed Platforms.ActiveCfg = Debug|Any CPU
		{2E9940B7-F9A9-4E7C-95AA-F96171967D3D}.Debug|Mixed Platforms.Build.0 = Debug|Any CPU
		{2E9940B7-F9A9-4E7C-95AA-F96171967D3D}.Debug|x86.ActiveCfg = Debug|Any CPU
		{2E9940B7-F9A9-4E7C-95AA-F96171967D3D}.Release|Any CPU.ActiveCfg = Release|Any CPU
		{2E9940B7-F9A9-4E7C-95AA-F96171967D3D}.Release|Any CPU.Build.0 = Release|Any CPU
		{2E9940B7-F9A9-4E7C-95AA-F96171967D3D}.Release|Mixed Platforms.ActiveCfg = Release|Any CPU
		{2E9940B7-F9A9-4E7C-95AA-F96171967D3D}.Release|Mixed Platforms.Build.0 = Release|Any CPU
		{2E9940B7-F9A9-4E7C-95AA-F96171967D3D}.Release|x86.ActiveCfg = Release|Any CPU
		{CAB3F184-A2AE-407C-AA53-804795DDBC0B}.Debug|Any CPU.ActiveCfg = Debug|x86
		{CAB3F184-A2AE-407C-AA53-804795DDBC0B}.Debug|Mixed Platforms.ActiveCfg = Debug|x86
		{CAB3F184-A2AE-407C-AA53-804795DDBC0B}.Debug|Mixed Platforms.Build.0 = Debug|x86
		{CAB3F184-A2AE-407C-AA53-804795DDBC0B}.Debug|x86.ActiveCfg = Debug|x86
		{CAB3F184-A2AE-407C-AA53-804795DDBC0B}.Debug|x86.Build.0 = Debug|x86
		{CAB3F184-A2AE-407C-AA53-804795DDBC0B}.Release|Any CPU.ActiveCfg = Release|x86
		{CAB3F184-A2AE-407C-AA53-804795DDBC0B}.Release|Mixed Platforms.ActiveCfg = Release|x86
		{CAB3F184-A2AE-407C-AA53-804795DDBC0B}.Release|Mixed Platforms.Build.0 = Release|x86
		{CAB3F184-A2AE-407C-AA53-804795DDBC0B}.Release|x86.ActiveCfg = Release|x86
		{CAB3F184-A2AE-407C-AA53-804795DDBC0B}.Release|x86.Build.0 = Release|x86
		{3F98C228-F367-439D-8F3F-6E679E26CE4A}.Debug|Any CPU.ActiveCfg = Debug|Any CPU
		{3F98C228-F367-439D-8F3F-6E679E26CE4A}.Debug|Any CPU.Build.0 = Debug|Any CPU
		{3F98C228-F367-439D-8F3F-6E679E26CE4A}.Debug|Any CPU.Deploy.0 = Debug|Any CPU
		{3F98C228-F367-439D-8F3F-6E679E26CE4A}.Debug|Mixed Platforms.ActiveCfg = Debug|Any CPU
		{3F98C228-F367-439D-8F3F-6E679E26CE4A}.Debug|Mixed Platforms.Build.0 = Debug|Any CPU
		{3F98C228-F367-439D-8F3F-6E679E26CE4A}.Debug|Mixed Platforms.Deploy.0 = Debug|Any CPU
		{3F98C228-F367-439D-8F3F-6E679E26CE4A}.Debug|x86.ActiveCfg = Debug|Any CPU
		{3F98C228-F367-439D-8F3F-6E679E26CE4A}.Release|Any CPU.ActiveCfg = Release|Any CPU
		{3F98C228-F367-439D-8F3F-6E679E26CE4A}.Release|Any CPU.Build.0 = Release|Any CPU
		{3F98C228-F367-439D-8F3F-6E679E26CE4A}.Release|Any CPU.Deploy.0 = Release|Any CPU
		{3F98C228-F367-439D-8F3F-6E679E26CE4A}.Release|Mixed Platforms.ActiveCfg = Release|Any CPU
		{3F98C228-F367-439D-8F3F-6E679E26CE4A}.Release|Mixed Platforms.Build.0 = Release|Any CPU
		{3F98C228-F367-439D-8F3F-6E679E26CE4A}.Release|Mixed Platforms.Deploy.0 = Release|Any CPU
		{3F98C228-F367-439D-8F3F-6E679E26CE4A}.Release|x86.ActiveCfg = Release|Any CPU
		{83969D03-D1D2-4E6F-9785-0BFF1711A174}.Debug|Any CPU.ActiveCfg = Debug|Any CPU
		{83969D03-D1D2-4E6F-9785-0BFF1711A174}.Debug|Any CPU.Build.0 = Debug|Any CPU
		{83969D03-D1D2-4E6F-9785-0BFF1711A174}.Debug|Mixed Platforms.ActiveCfg = Debug|Any CPU
		{83969D03-D1D2-4E6F-9785-0BFF1711A174}.Debug|Mixed Platforms.Build.0 = Debug|Any CPU
		{83969D03-D1D2-4E6F-9785-0BFF1711A174}.Debug|x86.ActiveCfg = Debug|Any CPU
		{83969D03-D1D2-4E6F-9785-0BFF1711A174}.Release|Any CPU.ActiveCfg = Release|Any CPU
		{83969D03-D1D2-4E6F-9785-0BFF1711A174}.Release|Any CPU.Build.0 = Release|Any CPU
		{83969D03-D1D2-4E6F-9785-0BFF1711A174}.Release|Mixed Platforms.ActiveCfg = Release|Any CPU
		{83969D03-D1D2-4E6F-9785-0BFF1711A174}.Release|Mixed Platforms.Build.0 = Release|Any CPU
		{83969D03-D1D2-4E6F-9785-0BFF1711A174}.Release|x86.ActiveCfg = Release|Any CPU
		{CB26CFFE-0CC7-49F8-A367-D9C696B6BF4E}.Debug|Any CPU.ActiveCfg = Debug|Any CPU
		{CB26CFFE-0CC7-49F8-A367-D9C696B6BF4E}.Debug|Any CPU.Build.0 = Debug|Any CPU
		{CB26CFFE-0CC7-49F8-A367-D9C696B6BF4E}.Debug|Mixed Platforms.ActiveCfg = Debug|Any CPU
		{CB26CFFE-0CC7-49F8-A367-D9C696B6BF4E}.Debug|Mixed Platforms.Build.0 = Debug|Any CPU
		{CB26CFFE-0CC7-49F8-A367-D9C696B6BF4E}.Debug|x86.ActiveCfg = Debug|Any CPU
		{CB26CFFE-0CC7-49F8-A367-D9C696B6BF4E}.Release|Any CPU.ActiveCfg = Release|Any CPU
		{CB26CFFE-0CC7-49F8-A367-D9C696B6BF4E}.Release|Any CPU.Build.0 = Release|Any CPU
		{CB26CFFE-0CC7-49F8-A367-D9C696B6BF4E}.Release|Mixed Platforms.ActiveCfg = Release|Any CPU
		{CB26CFFE-0CC7-49F8-A367-D9C696B6BF4E}.Release|Mixed Platforms.Build.0 = Release|Any CPU
		{CB26CFFE-0CC7-49F8-A367-D9C696B6BF4E}.Release|x86.ActiveCfg = Release|Any CPU
		{975938AB-52EA-40DE-85A9-29C4516D9830}.Debug|Any CPU.ActiveCfg = Debug|Any CPU
		{975938AB-52EA-40DE-85A9-29C4516D9830}.Debug|Any CPU.Build.0 = Debug|Any CPU
		{975938AB-52EA-40DE-85A9-29C4516D9830}.Debug|Mixed Platforms.ActiveCfg = Debug|Any CPU
		{975938AB-52EA-40DE-85A9-29C4516D9830}.Debug|Mixed Platforms.Build.0 = Debug|Any CPU
		{975938AB-52EA-40DE-85A9-29C4516D9830}.Debug|x86.ActiveCfg = Debug|Any CPU
		{975938AB-52EA-40DE-85A9-29C4516D9830}.Release|Any CPU.ActiveCfg = Release|Any CPU
		{975938AB-52EA-40DE-85A9-29C4516D9830}.Release|Any CPU.Build.0 = Release|Any CPU
		{975938AB-52EA-40DE-85A9-29C4516D9830}.Release|Mixed Platforms.ActiveCfg = Release|Any CPU
		{975938AB-52EA-40DE-85A9-29C4516D9830}.Release|Mixed Platforms.Build.0 = Release|Any CPU
		{975938AB-52EA-40DE-85A9-29C4516D9830}.Release|x86.ActiveCfg = Release|Any CPU
		{6905ABA6-B013-4ABD-BA29-298371754352}.Debug|Any CPU.ActiveCfg = Debug|Any CPU
		{6905ABA6-B013-4ABD-BA29-298371754352}.Debug|Any CPU.Build.0 = Debug|Any CPU
		{6905ABA6-B013-4ABD-BA29-298371754352}.Debug|Mixed Platforms.ActiveCfg = Debug|Any CPU
		{6905ABA6-B013-4ABD-BA29-298371754352}.Debug|Mixed Platforms.Build.0 = Debug|Any CPU
		{6905ABA6-B013-4ABD-BA29-298371754352}.Debug|x86.ActiveCfg = Debug|Any CPU
		{6905ABA6-B013-4ABD-BA29-298371754352}.Release|Any CPU.ActiveCfg = Release|Any CPU
		{6905ABA6-B013-4ABD-BA29-298371754352}.Release|Any CPU.Build.0 = Release|Any CPU
		{6905ABA6-B013-4ABD-BA29-298371754352}.Release|Mixed Platforms.ActiveCfg = Release|Any CPU
		{6905ABA6-B013-4ABD-BA29-298371754352}.Release|Mixed Platforms.Build.0 = Release|Any CPU
		{6905ABA6-B013-4ABD-BA29-298371754352}.Release|x86.ActiveCfg = Release|Any CPU
		{69C98768-AE81-495C-A341-6B8FC0692551}.Debug|Any CPU.ActiveCfg = Debug|Any CPU
		{69C98768-AE81-495C-A341-6B8FC0692551}.Debug|Any CPU.Build.0 = Debug|Any CPU
		{69C98768-AE81-495C-A341-6B8FC0692551}.Debug|Mixed Platforms.ActiveCfg = Debug|Any CPU
		{69C98768-AE81-495C-A341-6B8FC0692551}.Debug|Mixed Platforms.Build.0 = Debug|Any CPU
		{69C98768-AE81-495C-A341-6B8FC0692551}.Debug|x86.ActiveCfg = Debug|Any CPU
		{69C98768-AE81-495C-A341-6B8FC0692551}.Release|Any CPU.ActiveCfg = Release|Any CPU
		{69C98768-AE81-495C-A341-6B8FC0692551}.Release|Any CPU.Build.0 = Release|Any CPU
		{69C98768-AE81-495C-A341-6B8FC0692551}.Release|Mixed Platforms.ActiveCfg = Release|Any CPU
		{69C98768-AE81-495C-A341-6B8FC0692551}.Release|Mixed Platforms.Build.0 = Release|Any CPU
		{69C98768-AE81-495C-A341-6B8FC0692551}.Release|x86.ActiveCfg = Release|Any CPU
		{77DF091D-8B22-45F2-A409-8158E37C30AE}.Debug|Any CPU.ActiveCfg = Debug|Any CPU
		{77DF091D-8B22-45F2-A409-8158E37C30AE}.Debug|Any CPU.Build.0 = Debug|Any CPU
		{77DF091D-8B22-45F2-A409-8158E37C30AE}.Debug|Mixed Platforms.ActiveCfg = Debug|Any CPU
		{77DF091D-8B22-45F2-A409-8158E37C30AE}.Debug|Mixed Platforms.Build.0 = Debug|Any CPU
		{77DF091D-8B22-45F2-A409-8158E37C30AE}.Debug|x86.ActiveCfg = Debug|Any CPU
		{77DF091D-8B22-45F2-A409-8158E37C30AE}.Release|Any CPU.ActiveCfg = Release|Any CPU
		{77DF091D-8B22-45F2-A409-8158E37C30AE}.Release|Any CPU.Build.0 = Release|Any CPU
		{77DF091D-8B22-45F2-A409-8158E37C30AE}.Release|Mixed Platforms.ActiveCfg = Release|Any CPU
		{77DF091D-8B22-45F2-A409-8158E37C30AE}.Release|Mixed Platforms.Build.0 = Release|Any CPU
		{77DF091D-8B22-45F2-A409-8158E37C30AE}.Release|x86.ActiveCfg = Release|Any CPU
		{69E06F86-9EAF-4A88-81C1-D8B10AA63B78}.Debug|Any CPU.ActiveCfg = Debug|Any CPU
		{69E06F86-9EAF-4A88-81C1-D8B10AA63B78}.Debug|Any CPU.Build.0 = Debug|Any CPU
		{69E06F86-9EAF-4A88-81C1-D8B10AA63B78}.Debug|Mixed Platforms.ActiveCfg = Debug|Any CPU
		{69E06F86-9EAF-4A88-81C1-D8B10AA63B78}.Debug|Mixed Platforms.Build.0 = Debug|Any CPU
		{69E06F86-9EAF-4A88-81C1-D8B10AA63B78}.Debug|x86.ActiveCfg = Debug|Any CPU
		{69E06F86-9EAF-4A88-81C1-D8B10AA63B78}.Release|Any CPU.ActiveCfg = Release|Any CPU
		{69E06F86-9EAF-4A88-81C1-D8B10AA63B78}.Release|Any CPU.Build.0 = Release|Any CPU
		{69E06F86-9EAF-4A88-81C1-D8B10AA63B78}.Release|Mixed Platforms.ActiveCfg = Release|Any CPU
		{69E06F86-9EAF-4A88-81C1-D8B10AA63B78}.Release|Mixed Platforms.Build.0 = Release|Any CPU
		{69E06F86-9EAF-4A88-81C1-D8B10AA63B78}.Release|x86.ActiveCfg = Release|Any CPU
		{09A00442-D8D9-4A15-8FB0-C4D088E71C3D}.Debug|Any CPU.ActiveCfg = Debug|Any CPU
		{09A00442-D8D9-4A15-8FB0-C4D088E71C3D}.Debug|Any CPU.Build.0 = Debug|Any CPU
		{09A00442-D8D9-4A15-8FB0-C4D088E71C3D}.Debug|Mixed Platforms.ActiveCfg = Debug|Any CPU
		{09A00442-D8D9-4A15-8FB0-C4D088E71C3D}.Debug|Mixed Platforms.Build.0 = Debug|Any CPU
		{09A00442-D8D9-4A15-8FB0-C4D088E71C3D}.Debug|x86.ActiveCfg = Debug|Any CPU
		{09A00442-D8D9-4A15-8FB0-C4D088E71C3D}.Release|Any CPU.ActiveCfg = Release|Any CPU
		{09A00442-D8D9-4A15-8FB0-C4D088E71C3D}.Release|Any CPU.Build.0 = Release|Any CPU
		{09A00442-D8D9-4A15-8FB0-C4D088E71C3D}.Release|Mixed Platforms.ActiveCfg = Release|Any CPU
		{09A00442-D8D9-4A15-8FB0-C4D088E71C3D}.Release|Mixed Platforms.Build.0 = Release|Any CPU
		{09A00442-D8D9-4A15-8FB0-C4D088E71C3D}.Release|x86.ActiveCfg = Release|Any CPU
		{45202FB7-DC28-4CD1-A170-F92F79D785E6}.Debug|Any CPU.ActiveCfg = Debug|Any CPU
		{45202FB7-DC28-4CD1-A170-F92F79D785E6}.Debug|Any CPU.Build.0 = Debug|Any CPU
		{45202FB7-DC28-4CD1-A170-F92F79D785E6}.Debug|Mixed Platforms.ActiveCfg = Debug|Any CPU
		{45202FB7-DC28-4CD1-A170-F92F79D785E6}.Debug|Mixed Platforms.Build.0 = Debug|Any CPU
		{45202FB7-DC28-4CD1-A170-F92F79D785E6}.Debug|x86.ActiveCfg = Debug|Any CPU
		{45202FB7-DC28-4CD1-A170-F92F79D785E6}.Release|Any CPU.ActiveCfg = Release|Any CPU
		{45202FB7-DC28-4CD1-A170-F92F79D785E6}.Release|Any CPU.Build.0 = Release|Any CPU
		{45202FB7-DC28-4CD1-A170-F92F79D785E6}.Release|Mixed Platforms.ActiveCfg = Release|Any CPU
		{45202FB7-DC28-4CD1-A170-F92F79D785E6}.Release|Mixed Platforms.Build.0 = Release|Any CPU
		{45202FB7-DC28-4CD1-A170-F92F79D785E6}.Release|x86.ActiveCfg = Release|Any CPU
	EndGlobalSection
	GlobalSection(SolutionProperties) = preSolution
		HideSolutionNode = FALSE
	EndGlobalSection
	GlobalSection(NestedProjects) = preSolution
		{9F3EC07B-5832-4E70-A64A-6BFA892A3C8F} = {3C90316E-6A82-4451-95D2-F390833E1F64}
		{F5E60881-811E-40A4-BFC6-D3AF51932F19} = {3C90316E-6A82-4451-95D2-F390833E1F64}
		{69E06F86-9EAF-4A88-81C1-D8B10AA63B78} = {3C90316E-6A82-4451-95D2-F390833E1F64}
		{2E9940B7-F9A9-4E7C-95AA-F96171967D3D} = {628C7153-78CB-4F37-A573-4D8AA81BE02A}
		{77DF091D-8B22-45F2-A409-8158E37C30AE} = {628C7153-78CB-4F37-A573-4D8AA81BE02A}
		{3F98C228-F367-439D-8F3F-6E679E26CE4A} = {22AD1080-8ED3-4AE4-9FD1-80C0CC80B373}
		{CAB3F184-A2AE-407C-AA53-804795DDBC0B} = {22AD1080-8ED3-4AE4-9FD1-80C0CC80B373}
		{09A00442-D8D9-4A15-8FB0-C4D088E71C3D} = {5C8F076E-4C89-4F62-8543-6BF8150D5233}
		{45202FB7-DC28-4CD1-A170-F92F79D785E6} = {5C8F076E-4C89-4F62-8543-6BF8150D5233}
		{83969D03-D1D2-4E6F-9785-0BFF1711A174} = {3E2F1499-2872-4FDB-9014-60A52E1ABAF5}
		{CB26CFFE-0CC7-49F8-A367-D9C696B6BF4E} = {3E2F1499-2872-4FDB-9014-60A52E1ABAF5}
		{975938AB-52EA-40DE-85A9-29C4516D9830} = {3E2F1499-2872-4FDB-9014-60A52E1ABAF5}
		{6905ABA6-B013-4ABD-BA29-298371754352} = {3E2F1499-2872-4FDB-9014-60A52E1ABAF5}
		{69C98768-AE81-495C-A341-6B8FC0692551} = {3E2F1499-2872-4FDB-9014-60A52E1ABAF5}
	EndGlobalSection
EndGlobal
