
Microsoft Visual Studio Solution File, Format Version 12.00
# Visual Studio 2012
Project("{FAE04EC0-301F-11D3-BF4B-00C04F79EFBC}") = "PassFruit.Contracts", "PassFruit.Contracts\PassFruit.Contracts.csproj", "{3971F9F7-3A79-401D-93F6-5B50A10D15C2}"
EndProject
Project("{2150E333-8FDC-42A3-9474-1A3956D46DE8}") = "PassFruit", "PassFruit", "{57FBA623-FA60-46C0-B35B-27914F4390BF}"
EndProject
Project("{FAE04EC0-301F-11D3-BF4B-00C04F79EFBC}") = "PassFruit", "PassFruit\PassFruit.csproj", "{02D15B96-AD18-466A-88D7-454652E8347A}"
EndProject
Project("{2150E333-8FDC-42A3-9474-1A3956D46DE8}") = "PassFruit.Tests", "PassFruit.Tests", "{64D25632-6F41-4908-8C08-ED9EFC62648C}"
EndProject
Project("{FAE04EC0-301F-11D3-BF4B-00C04F79EFBC}") = "PassFruit.DataStore.InMemoryDataStore.Tests", "PassFruit.DataStore.InMemoryDataStore.Tests\PassFruit.DataStore.InMemoryDataStore.Tests.csproj", "{BACCC516-255A-466D-8988-5281345F9BFB}"
EndProject
Project("{FAE04EC0-301F-11D3-BF4B-00C04F79EFBC}") = "PassFruit.DataStore.XmlDataStore.Tests", "PassFruit.DataStore.XmlDataStore.Tests\PassFruit.DataStore.XmlDataStore.Tests.csproj", "{94587E6F-E2F6-4394-AB7C-F4037B726425}"
EndProject
Project("{FAE04EC0-301F-11D3-BF4B-00C04F79EFBC}") = "PassFruit.DataStore.Tests", "PassFruit.DataStore.Tests\PassFruit.DataStore.Tests.csproj", "{C5CCBB66-33A1-4DB8-8B57-BCBF72562E9E}"
EndProject
Project("{FAE04EC0-301F-11D3-BF4B-00C04F79EFBC}") = "PassFruit.DataStore.Tests.FakeData", "PassFruit.DataStore.Tests.FakeData\PassFruit.DataStore.Tests.FakeData.csproj", "{6140384A-8A30-4916-BAC5-6AD1E0FC5049}"
EndProject
Project("{FAE04EC0-301F-11D3-BF4B-00C04F79EFBC}") = "PassFruit.Tests", "PassFruit.Tests\PassFruit.Tests.csproj", "{405AF9CA-F2D6-4577-818E-B92059557ED5}"
EndProject
Project("{2150E333-8FDC-42A3-9474-1A3956D46DE8}") = "PassFruit.DataStore", "PassFruit.DataStore", "{512B9241-C516-463C-B0D4-7FB57A96A27F}"
EndProject
Project("{FAE04EC0-301F-11D3-BF4B-00C04F79EFBC}") = "PassFruit.DataStore", "PassFruit.DataStore\PassFruit.DataStore.csproj", "{380647F7-1443-4FFF-9101-30AFF1822140}"
EndProject
Project("{FAE04EC0-301F-11D3-BF4B-00C04F79EFBC}") = "PassFruit.DataStore.InMemoryDataStore", "PassFruit.DataStore.InMemoryDataStore\PassFruit.DataStore.InMemoryDataStore.csproj", "{EF5C1406-CD43-46C7-A5C3-DBC74770585F}"
EndProject
Project("{FAE04EC0-301F-11D3-BF4B-00C04F79EFBC}") = "PassFruit.DataStore.XmlDataStore", "PassFruit.DataStore.XmlDataStore\PassFruit.DataStore.XmlDataStore.csproj", "{5DACB670-3923-49D9-815F-ECEE33835DC8}"
EndProject
Project("{FAE04EC0-301F-11D3-BF4B-00C04F79EFBC}") = "PassFruit.Fields", "PassFruit.Fields\PassFruit.Fields.csproj", "{A9199DE5-B1D2-4298-AA2C-D40F6390E034}"
EndProject
Project("{FAE04EC0-301F-11D3-BF4B-00C04F79EFBC}") = "PassFruit.DataStore.JsonDataStore", "PassFruit.DataStore.JsonDataStore\PassFruit.DataStore.JsonDataStore.csproj", "{E31CAC23-D4C2-4C66-8804-7FE9C7FFD91C}"
EndProject
Project("{FAE04EC0-301F-11D3-BF4B-00C04F79EFBC}") = "PassFruit.DataStore.Tests.JsonDataStore", "PassFruit.DataStore.Tests.JsonDataStore\PassFruit.DataStore.Tests.JsonDataStore.csproj", "{41C72CFE-7F5D-43BF-A17E-9076E9A24FF5}"
EndProject
Global
	GlobalSection(SolutionConfigurationPlatforms) = preSolution
		Debug|Any CPU = Debug|Any CPU
		Debug|x86 = Debug|x86
		Release|Any CPU = Release|Any CPU
		Release|x86 = Release|x86
	EndGlobalSection
	GlobalSection(ProjectConfigurationPlatforms) = postSolution
		{3971F9F7-3A79-401D-93F6-5B50A10D15C2}.Debug|Any CPU.ActiveCfg = Debug|Any CPU
		{3971F9F7-3A79-401D-93F6-5B50A10D15C2}.Debug|Any CPU.Build.0 = Debug|Any CPU
		{3971F9F7-3A79-401D-93F6-5B50A10D15C2}.Debug|x86.ActiveCfg = Debug|Any CPU
		{3971F9F7-3A79-401D-93F6-5B50A10D15C2}.Release|Any CPU.ActiveCfg = Release|Any CPU
		{3971F9F7-3A79-401D-93F6-5B50A10D15C2}.Release|Any CPU.Build.0 = Release|Any CPU
		{3971F9F7-3A79-401D-93F6-5B50A10D15C2}.Release|x86.ActiveCfg = Release|Any CPU
		{02D15B96-AD18-466A-88D7-454652E8347A}.Debug|Any CPU.ActiveCfg = Debug|Any CPU
		{02D15B96-AD18-466A-88D7-454652E8347A}.Debug|Any CPU.Build.0 = Debug|Any CPU
		{02D15B96-AD18-466A-88D7-454652E8347A}.Debug|x86.ActiveCfg = Debug|Any CPU
		{02D15B96-AD18-466A-88D7-454652E8347A}.Release|Any CPU.ActiveCfg = Release|Any CPU
		{02D15B96-AD18-466A-88D7-454652E8347A}.Release|Any CPU.Build.0 = Release|Any CPU
		{02D15B96-AD18-466A-88D7-454652E8347A}.Release|x86.ActiveCfg = Release|Any CPU
		{BACCC516-255A-466D-8988-5281345F9BFB}.Debug|Any CPU.ActiveCfg = Debug|Any CPU
		{BACCC516-255A-466D-8988-5281345F9BFB}.Debug|Any CPU.Build.0 = Debug|Any CPU
		{BACCC516-255A-466D-8988-5281345F9BFB}.Debug|x86.ActiveCfg = Debug|x86
		{BACCC516-255A-466D-8988-5281345F9BFB}.Debug|x86.Build.0 = Debug|x86
		{BACCC516-255A-466D-8988-5281345F9BFB}.Release|Any CPU.ActiveCfg = Release|Any CPU
		{BACCC516-255A-466D-8988-5281345F9BFB}.Release|Any CPU.Build.0 = Release|Any CPU
		{BACCC516-255A-466D-8988-5281345F9BFB}.Release|x86.ActiveCfg = Release|x86
		{BACCC516-255A-466D-8988-5281345F9BFB}.Release|x86.Build.0 = Release|x86
		{94587E6F-E2F6-4394-AB7C-F4037B726425}.Debug|Any CPU.ActiveCfg = Debug|Any CPU
		{94587E6F-E2F6-4394-AB7C-F4037B726425}.Debug|Any CPU.Build.0 = Debug|Any CPU
		{94587E6F-E2F6-4394-AB7C-F4037B726425}.Debug|x86.ActiveCfg = Debug|x86
		{94587E6F-E2F6-4394-AB7C-F4037B726425}.Debug|x86.Build.0 = Debug|x86
		{94587E6F-E2F6-4394-AB7C-F4037B726425}.Release|Any CPU.ActiveCfg = Release|Any CPU
		{94587E6F-E2F6-4394-AB7C-F4037B726425}.Release|Any CPU.Build.0 = Release|Any CPU
		{94587E6F-E2F6-4394-AB7C-F4037B726425}.Release|x86.ActiveCfg = Release|x86
		{94587E6F-E2F6-4394-AB7C-F4037B726425}.Release|x86.Build.0 = Release|x86
		{C5CCBB66-33A1-4DB8-8B57-BCBF72562E9E}.Debug|Any CPU.ActiveCfg = Debug|Any CPU
		{C5CCBB66-33A1-4DB8-8B57-BCBF72562E9E}.Debug|Any CPU.Build.0 = Debug|Any CPU
		{C5CCBB66-33A1-4DB8-8B57-BCBF72562E9E}.Debug|x86.ActiveCfg = Debug|Any CPU
		{C5CCBB66-33A1-4DB8-8B57-BCBF72562E9E}.Release|Any CPU.ActiveCfg = Release|Any CPU
		{C5CCBB66-33A1-4DB8-8B57-BCBF72562E9E}.Release|Any CPU.Build.0 = Release|Any CPU
		{C5CCBB66-33A1-4DB8-8B57-BCBF72562E9E}.Release|x86.ActiveCfg = Release|Any CPU
		{6140384A-8A30-4916-BAC5-6AD1E0FC5049}.Debug|Any CPU.ActiveCfg = Debug|Any CPU
		{6140384A-8A30-4916-BAC5-6AD1E0FC5049}.Debug|Any CPU.Build.0 = Debug|Any CPU
		{6140384A-8A30-4916-BAC5-6AD1E0FC5049}.Debug|x86.ActiveCfg = Debug|Any CPU
		{6140384A-8A30-4916-BAC5-6AD1E0FC5049}.Release|Any CPU.ActiveCfg = Release|Any CPU
		{6140384A-8A30-4916-BAC5-6AD1E0FC5049}.Release|Any CPU.Build.0 = Release|Any CPU
		{6140384A-8A30-4916-BAC5-6AD1E0FC5049}.Release|x86.ActiveCfg = Release|Any CPU
		{405AF9CA-F2D6-4577-818E-B92059557ED5}.Debug|Any CPU.ActiveCfg = Debug|Any CPU
		{405AF9CA-F2D6-4577-818E-B92059557ED5}.Debug|Any CPU.Build.0 = Debug|Any CPU
		{405AF9CA-F2D6-4577-818E-B92059557ED5}.Debug|x86.ActiveCfg = Debug|Any CPU
		{405AF9CA-F2D6-4577-818E-B92059557ED5}.Release|Any CPU.ActiveCfg = Release|Any CPU
		{405AF9CA-F2D6-4577-818E-B92059557ED5}.Release|Any CPU.Build.0 = Release|Any CPU
		{405AF9CA-F2D6-4577-818E-B92059557ED5}.Release|x86.ActiveCfg = Release|Any CPU
		{380647F7-1443-4FFF-9101-30AFF1822140}.Debug|Any CPU.ActiveCfg = Debug|Any CPU
		{380647F7-1443-4FFF-9101-30AFF1822140}.Debug|Any CPU.Build.0 = Debug|Any CPU
		{380647F7-1443-4FFF-9101-30AFF1822140}.Debug|x86.ActiveCfg = Debug|Any CPU
		{380647F7-1443-4FFF-9101-30AFF1822140}.Release|Any CPU.ActiveCfg = Release|Any CPU
		{380647F7-1443-4FFF-9101-30AFF1822140}.Release|Any CPU.Build.0 = Release|Any CPU
		{380647F7-1443-4FFF-9101-30AFF1822140}.Release|x86.ActiveCfg = Release|Any CPU
		{EF5C1406-CD43-46C7-A5C3-DBC74770585F}.Debug|Any CPU.ActiveCfg = Debug|Any CPU
		{EF5C1406-CD43-46C7-A5C3-DBC74770585F}.Debug|Any CPU.Build.0 = Debug|Any CPU
		{EF5C1406-CD43-46C7-A5C3-DBC74770585F}.Debug|x86.ActiveCfg = Debug|Any CPU
		{EF5C1406-CD43-46C7-A5C3-DBC74770585F}.Release|Any CPU.ActiveCfg = Release|Any CPU
		{EF5C1406-CD43-46C7-A5C3-DBC74770585F}.Release|Any CPU.Build.0 = Release|Any CPU
		{EF5C1406-CD43-46C7-A5C3-DBC74770585F}.Release|x86.ActiveCfg = Release|Any CPU
		{5DACB670-3923-49D9-815F-ECEE33835DC8}.Debug|Any CPU.ActiveCfg = Debug|Any CPU
		{5DACB670-3923-49D9-815F-ECEE33835DC8}.Debug|Any CPU.Build.0 = Debug|Any CPU
		{5DACB670-3923-49D9-815F-ECEE33835DC8}.Debug|x86.ActiveCfg = Debug|Any CPU
		{5DACB670-3923-49D9-815F-ECEE33835DC8}.Release|Any CPU.ActiveCfg = Release|Any CPU
		{5DACB670-3923-49D9-815F-ECEE33835DC8}.Release|Any CPU.Build.0 = Release|Any CPU
		{5DACB670-3923-49D9-815F-ECEE33835DC8}.Release|x86.ActiveCfg = Release|Any CPU
		{A9199DE5-B1D2-4298-AA2C-D40F6390E034}.Debug|Any CPU.ActiveCfg = Debug|Any CPU
		{A9199DE5-B1D2-4298-AA2C-D40F6390E034}.Debug|Any CPU.Build.0 = Debug|Any CPU
		{A9199DE5-B1D2-4298-AA2C-D40F6390E034}.Debug|x86.ActiveCfg = Debug|Any CPU
		{A9199DE5-B1D2-4298-AA2C-D40F6390E034}.Release|Any CPU.ActiveCfg = Release|Any CPU
		{A9199DE5-B1D2-4298-AA2C-D40F6390E034}.Release|Any CPU.Build.0 = Release|Any CPU
		{A9199DE5-B1D2-4298-AA2C-D40F6390E034}.Release|x86.ActiveCfg = Release|Any CPU
		{E31CAC23-D4C2-4C66-8804-7FE9C7FFD91C}.Debug|Any CPU.ActiveCfg = Debug|Any CPU
		{E31CAC23-D4C2-4C66-8804-7FE9C7FFD91C}.Debug|Any CPU.Build.0 = Debug|Any CPU
		{E31CAC23-D4C2-4C66-8804-7FE9C7FFD91C}.Debug|x86.ActiveCfg = Debug|Any CPU
		{E31CAC23-D4C2-4C66-8804-7FE9C7FFD91C}.Release|Any CPU.ActiveCfg = Release|Any CPU
		{E31CAC23-D4C2-4C66-8804-7FE9C7FFD91C}.Release|Any CPU.Build.0 = Release|Any CPU
		{E31CAC23-D4C2-4C66-8804-7FE9C7FFD91C}.Release|x86.ActiveCfg = Release|Any CPU
		{41C72CFE-7F5D-43BF-A17E-9076E9A24FF5}.Debug|Any CPU.ActiveCfg = Debug|Any CPU
		{41C72CFE-7F5D-43BF-A17E-9076E9A24FF5}.Debug|Any CPU.Build.0 = Debug|Any CPU
		{41C72CFE-7F5D-43BF-A17E-9076E9A24FF5}.Debug|x86.ActiveCfg = Debug|Any CPU
		{41C72CFE-7F5D-43BF-A17E-9076E9A24FF5}.Release|Any CPU.ActiveCfg = Release|Any CPU
		{41C72CFE-7F5D-43BF-A17E-9076E9A24FF5}.Release|Any CPU.Build.0 = Release|Any CPU
		{41C72CFE-7F5D-43BF-A17E-9076E9A24FF5}.Release|x86.ActiveCfg = Release|Any CPU
	EndGlobalSection
	GlobalSection(SolutionProperties) = preSolution
		HideSolutionNode = FALSE
	EndGlobalSection
	GlobalSection(NestedProjects) = preSolution
		{3971F9F7-3A79-401D-93F6-5B50A10D15C2} = {57FBA623-FA60-46C0-B35B-27914F4390BF}
		{02D15B96-AD18-466A-88D7-454652E8347A} = {57FBA623-FA60-46C0-B35B-27914F4390BF}
		{A9199DE5-B1D2-4298-AA2C-D40F6390E034} = {57FBA623-FA60-46C0-B35B-27914F4390BF}
		{BACCC516-255A-466D-8988-5281345F9BFB} = {64D25632-6F41-4908-8C08-ED9EFC62648C}
		{94587E6F-E2F6-4394-AB7C-F4037B726425} = {64D25632-6F41-4908-8C08-ED9EFC62648C}
		{C5CCBB66-33A1-4DB8-8B57-BCBF72562E9E} = {64D25632-6F41-4908-8C08-ED9EFC62648C}
		{6140384A-8A30-4916-BAC5-6AD1E0FC5049} = {64D25632-6F41-4908-8C08-ED9EFC62648C}
		{405AF9CA-F2D6-4577-818E-B92059557ED5} = {64D25632-6F41-4908-8C08-ED9EFC62648C}
		{41C72CFE-7F5D-43BF-A17E-9076E9A24FF5} = {64D25632-6F41-4908-8C08-ED9EFC62648C}
		{380647F7-1443-4FFF-9101-30AFF1822140} = {512B9241-C516-463C-B0D4-7FB57A96A27F}
		{EF5C1406-CD43-46C7-A5C3-DBC74770585F} = {512B9241-C516-463C-B0D4-7FB57A96A27F}
		{5DACB670-3923-49D9-815F-ECEE33835DC8} = {512B9241-C516-463C-B0D4-7FB57A96A27F}
		{E31CAC23-D4C2-4C66-8804-7FE9C7FFD91C} = {512B9241-C516-463C-B0D4-7FB57A96A27F}
	EndGlobalSection
EndGlobal
