
Microsoft Visual Studio Solution File, Format Version 12.00
# Visual Studio 2012
Project("{2150E333-8FDC-42A3-9474-1A3956D46DE8}") = "PassFruit.Tests", "PassFruit.Tests", "{64D25632-6F41-4908-8C08-ED9EFC62648C}"
EndProject
Project("{2150E333-8FDC-42A3-9474-1A3956D46DE8}") = "PassFruit.Server", "PassFruit.Server", "{81F49B88-8EDD-471B-8A19-2DEE2862E740}"
EndProject
Project("{FAE04EC0-301F-11D3-BF4B-00C04F79EFBC}") = "PassFruit.Server.CiphertextDatastore", "PassFruit.Server.CiphertextDatastore\PassFruit.Server.CiphertextDatastore.csproj", "{D8B5F176-3444-40E8-883C-BC88B4DA9068}"
EndProject
Project("{FAE04EC0-301F-11D3-BF4B-00C04F79EFBC}") = "PassFruit.Server.CiphertextDatastore.Json", "PassFruit.Server.CiphertextDatastore.Json\PassFruit.Server.CiphertextDatastore.Json.csproj", "{6A111840-72FD-45A7-94F6-E221C3D6DEDE}"
EndProject
Project("{2150E333-8FDC-42A3-9474-1A3956D46DE8}") = ".nuget", ".nuget", "{191148F6-AA3A-4D44-B2BF-5E64DD0DB20F}"
	ProjectSection(SolutionItems) = preProject
		.nuget\NuGet.Config = .nuget\NuGet.Config
		.nuget\NuGet.exe = .nuget\NuGet.exe
		.nuget\NuGet.targets = .nuget\NuGet.targets
	EndProjectSection
EndProject
Project("{2150E333-8FDC-42A3-9474-1A3956D46DE8}") = "PassFruit.Client", "PassFruit.Client", "{0B7194B2-5168-4A9A-A487-C7B4251A4749}"
EndProject
Project("{FAE04EC0-301F-11D3-BF4B-00C04F79EFBC}") = "PassFruit.Client", "PassFruit.Client\PassFruit.Client.csproj", "{2E9940B7-F9A9-4E7C-95AA-F96171967D3D}"
EndProject
Project("{FAE04EC0-301F-11D3-BF4B-00C04F79EFBC}") = "PassFruit.Client.InProcess", "PassFruit.Client.InProcess\PassFruit.Client.InProcess.csproj", "{3AAE1D0D-DB4E-48BE-816E-8A81D02012EF}"
EndProject
Project("{FAE04EC0-301F-11D3-BF4B-00C04F79EFBC}") = "PassFruit.Client.InProcess.Tests", "PassFruit.Client.InProcess.Tests\PassFruit.Client.InProcess.Tests.csproj", "{888A3C34-B4CF-4BE6-9FC7-609DD3A49B71}"
EndProject
Project("{FAE04EC0-301F-11D3-BF4B-00C04F79EFBC}") = "PassFruit.Client.Tests", "PassFruit.Client.Tests\PassFruit.Client.Tests.csproj", "{1301974E-4209-41E2-B9A5-15E86453ABD6}"
EndProject
Project("{FAE04EC0-301F-11D3-BF4B-00C04F79EFBC}") = "PassFruit.Server.CiphertextService", "PassFruit.Server.CiphertextService\PassFruit.Server.CiphertextService.csproj", "{83206A1C-76F2-4D6E-98DA-E4738627A266}"
EndProject
Global
	GlobalSection(SolutionConfigurationPlatforms) = preSolution
		Debug|Any CPU = Debug|Any CPU
		Debug|x86 = Debug|x86
		Release|Any CPU = Release|Any CPU
		Release|x86 = Release|x86
	EndGlobalSection
	GlobalSection(ProjectConfigurationPlatforms) = postSolution
		{D8B5F176-3444-40E8-883C-BC88B4DA9068}.Debug|Any CPU.ActiveCfg = Debug|Any CPU
		{D8B5F176-3444-40E8-883C-BC88B4DA9068}.Debug|Any CPU.Build.0 = Debug|Any CPU
		{D8B5F176-3444-40E8-883C-BC88B4DA9068}.Debug|x86.ActiveCfg = Debug|Any CPU
		{D8B5F176-3444-40E8-883C-BC88B4DA9068}.Release|Any CPU.ActiveCfg = Release|Any CPU
		{D8B5F176-3444-40E8-883C-BC88B4DA9068}.Release|Any CPU.Build.0 = Release|Any CPU
		{D8B5F176-3444-40E8-883C-BC88B4DA9068}.Release|x86.ActiveCfg = Release|Any CPU
		{6A111840-72FD-45A7-94F6-E221C3D6DEDE}.Debug|Any CPU.ActiveCfg = Debug|Any CPU
		{6A111840-72FD-45A7-94F6-E221C3D6DEDE}.Debug|Any CPU.Build.0 = Debug|Any CPU
		{6A111840-72FD-45A7-94F6-E221C3D6DEDE}.Debug|x86.ActiveCfg = Debug|Any CPU
		{6A111840-72FD-45A7-94F6-E221C3D6DEDE}.Release|Any CPU.ActiveCfg = Release|Any CPU
		{6A111840-72FD-45A7-94F6-E221C3D6DEDE}.Release|Any CPU.Build.0 = Release|Any CPU
		{6A111840-72FD-45A7-94F6-E221C3D6DEDE}.Release|x86.ActiveCfg = Release|Any CPU
		{2E9940B7-F9A9-4E7C-95AA-F96171967D3D}.Debug|Any CPU.ActiveCfg = Debug|Any CPU
		{2E9940B7-F9A9-4E7C-95AA-F96171967D3D}.Debug|Any CPU.Build.0 = Debug|Any CPU
		{2E9940B7-F9A9-4E7C-95AA-F96171967D3D}.Debug|x86.ActiveCfg = Debug|Any CPU
		{2E9940B7-F9A9-4E7C-95AA-F96171967D3D}.Release|Any CPU.ActiveCfg = Release|Any CPU
		{2E9940B7-F9A9-4E7C-95AA-F96171967D3D}.Release|Any CPU.Build.0 = Release|Any CPU
		{2E9940B7-F9A9-4E7C-95AA-F96171967D3D}.Release|x86.ActiveCfg = Release|Any CPU
		{3AAE1D0D-DB4E-48BE-816E-8A81D02012EF}.Debug|Any CPU.ActiveCfg = Debug|Any CPU
		{3AAE1D0D-DB4E-48BE-816E-8A81D02012EF}.Debug|Any CPU.Build.0 = Debug|Any CPU
		{3AAE1D0D-DB4E-48BE-816E-8A81D02012EF}.Debug|x86.ActiveCfg = Debug|Any CPU
		{3AAE1D0D-DB4E-48BE-816E-8A81D02012EF}.Release|Any CPU.ActiveCfg = Release|Any CPU
		{3AAE1D0D-DB4E-48BE-816E-8A81D02012EF}.Release|Any CPU.Build.0 = Release|Any CPU
		{3AAE1D0D-DB4E-48BE-816E-8A81D02012EF}.Release|x86.ActiveCfg = Release|Any CPU
		{888A3C34-B4CF-4BE6-9FC7-609DD3A49B71}.Debug|Any CPU.ActiveCfg = Debug|Any CPU
		{888A3C34-B4CF-4BE6-9FC7-609DD3A49B71}.Debug|Any CPU.Build.0 = Debug|Any CPU
		{888A3C34-B4CF-4BE6-9FC7-609DD3A49B71}.Debug|x86.ActiveCfg = Debug|Any CPU
		{888A3C34-B4CF-4BE6-9FC7-609DD3A49B71}.Release|Any CPU.ActiveCfg = Release|Any CPU
		{888A3C34-B4CF-4BE6-9FC7-609DD3A49B71}.Release|Any CPU.Build.0 = Release|Any CPU
		{888A3C34-B4CF-4BE6-9FC7-609DD3A49B71}.Release|x86.ActiveCfg = Release|Any CPU
		{1301974E-4209-41E2-B9A5-15E86453ABD6}.Debug|Any CPU.ActiveCfg = Debug|Any CPU
		{1301974E-4209-41E2-B9A5-15E86453ABD6}.Debug|Any CPU.Build.0 = Debug|Any CPU
		{1301974E-4209-41E2-B9A5-15E86453ABD6}.Debug|x86.ActiveCfg = Debug|Any CPU
		{1301974E-4209-41E2-B9A5-15E86453ABD6}.Release|Any CPU.ActiveCfg = Release|Any CPU
		{1301974E-4209-41E2-B9A5-15E86453ABD6}.Release|Any CPU.Build.0 = Release|Any CPU
		{1301974E-4209-41E2-B9A5-15E86453ABD6}.Release|x86.ActiveCfg = Release|Any CPU
		{83206A1C-76F2-4D6E-98DA-E4738627A266}.Debug|Any CPU.ActiveCfg = Debug|Any CPU
		{83206A1C-76F2-4D6E-98DA-E4738627A266}.Debug|Any CPU.Build.0 = Debug|Any CPU
		{83206A1C-76F2-4D6E-98DA-E4738627A266}.Debug|x86.ActiveCfg = Debug|Any CPU
		{83206A1C-76F2-4D6E-98DA-E4738627A266}.Release|Any CPU.ActiveCfg = Release|Any CPU
		{83206A1C-76F2-4D6E-98DA-E4738627A266}.Release|Any CPU.Build.0 = Release|Any CPU
		{83206A1C-76F2-4D6E-98DA-E4738627A266}.Release|x86.ActiveCfg = Release|Any CPU
	EndGlobalSection
	GlobalSection(SolutionProperties) = preSolution
		HideSolutionNode = FALSE
	EndGlobalSection
	GlobalSection(NestedProjects) = preSolution
		{888A3C34-B4CF-4BE6-9FC7-609DD3A49B71} = {64D25632-6F41-4908-8C08-ED9EFC62648C}
		{1301974E-4209-41E2-B9A5-15E86453ABD6} = {64D25632-6F41-4908-8C08-ED9EFC62648C}
		{D8B5F176-3444-40E8-883C-BC88B4DA9068} = {81F49B88-8EDD-471B-8A19-2DEE2862E740}
		{6A111840-72FD-45A7-94F6-E221C3D6DEDE} = {81F49B88-8EDD-471B-8A19-2DEE2862E740}
		{83206A1C-76F2-4D6E-98DA-E4738627A266} = {81F49B88-8EDD-471B-8A19-2DEE2862E740}
		{2E9940B7-F9A9-4E7C-95AA-F96171967D3D} = {0B7194B2-5168-4A9A-A487-C7B4251A4749}
		{3AAE1D0D-DB4E-48BE-816E-8A81D02012EF} = {0B7194B2-5168-4A9A-A487-C7B4251A4749}
	EndGlobalSection
EndGlobal
