
Microsoft Visual Studio Solution File, Format Version 12.00
# Visual Studio 2012
Project("{2150E333-8FDC-42A3-9474-1A3956D46DE8}") = "PassFruit.Tests", "PassFruit.Tests", "{64D25632-6F41-4908-8C08-ED9EFC62648C}"
EndProject
Project("{2150E333-8FDC-42A3-9474-1A3956D46DE8}") = "PassFruit.Server", "PassFruit.Server", "{81F49B88-8EDD-471B-8A19-2DEE2862E740}"
EndProject
Project("{FAE04EC0-301F-11D3-BF4B-00C04F79EFBC}") = "PassFruit.Server.CiphertextDatastore", "PassFruit.Server.CiphertextDatastore\PassFruit.Server.CiphertextDatastore.csproj", "{D8B5F176-3444-40E8-883C-BC88B4DA9068}"
EndProject
Project("{FAE04EC0-301F-11D3-BF4B-00C04F79EFBC}") = "PassFruit.Server.CiphertextDatastore.Json", "PassFruit.Server.CiphertextDatastore.Json\PassFruit.Server.CiphertextDatastore.Json.csproj", "{6A111840-72FD-45A7-94F6-E221C3D6DEDE}"
EndProject
Project("{FAE04EC0-301F-11D3-BF4B-00C04F79EFBC}") = "PassFruit.Server.CiphertextDatastore.Json.Tests", "PassFruit.Server.CiphertextDatastore.Json.Tests\PassFruit.Server.CiphertextDatastore.Json.Tests.csproj", "{634AB094-5AB6-491E-96F3-89E6007F8921}"
EndProject
Project("{FAE04EC0-301F-11D3-BF4B-00C04F79EFBC}") = "PassFruit.Server.CiphertextDatastore.Tests", "PassFruit.Server.CiphertextDatastore.Tests\PassFruit.Server.CiphertextDatastore.Tests.csproj", "{8684029A-4B3C-4F89-81BF-9BC9316DD5FC}"
EndProject
Project("{FAE04EC0-301F-11D3-BF4B-00C04F79EFBC}") = "PassFruit.Server.FakeDataGenerator", "PassFruit.Server.FakeDataGenerator\PassFruit.Server.FakeDataGenerator.csproj", "{E809415C-5B6C-410D-BF03-5C6831303848}"
EndProject
Project("{2150E333-8FDC-42A3-9474-1A3956D46DE8}") = ".nuget", ".nuget", "{191148F6-AA3A-4D44-B2BF-5E64DD0DB20F}"
	ProjectSection(SolutionItems) = preProject
		.nuget\NuGet.Config = .nuget\NuGet.Config
		.nuget\NuGet.exe = .nuget\NuGet.exe
		.nuget\NuGet.targets = .nuget\NuGet.targets
	EndProjectSection
EndProject
Project("{FAE04EC0-301F-11D3-BF4B-00C04F79EFBC}") = "PassFruit.Server.CiphertextService", "PassFruit.Server.CiphertextService\PassFruit.Server.CiphertextService.csproj", "{83206A1C-76F2-4D6E-98DA-E4738627A266}"
EndProject
Global
	GlobalSection(SolutionConfigurationPlatforms) = preSolution
		Debug|Any CPU = Debug|Any CPU
		Debug|x86 = Debug|x86
		Release|Any CPU = Release|Any CPU
		Release|x86 = Release|x86
	EndGlobalSection
	GlobalSection(ProjectConfigurationPlatforms) = postSolution
		{D8B5F176-3444-40E8-883C-BC88B4DA9068}.Debug|Any CPU.ActiveCfg = Debug|Any CPU
		{D8B5F176-3444-40E8-883C-BC88B4DA9068}.Debug|Any CPU.Build.0 = Debug|Any CPU
		{D8B5F176-3444-40E8-883C-BC88B4DA9068}.Debug|x86.ActiveCfg = Debug|Any CPU
		{D8B5F176-3444-40E8-883C-BC88B4DA9068}.Release|Any CPU.ActiveCfg = Release|Any CPU
		{D8B5F176-3444-40E8-883C-BC88B4DA9068}.Release|Any CPU.Build.0 = Release|Any CPU
		{D8B5F176-3444-40E8-883C-BC88B4DA9068}.Release|x86.ActiveCfg = Release|Any CPU
		{6A111840-72FD-45A7-94F6-E221C3D6DEDE}.Debug|Any CPU.ActiveCfg = Debug|Any CPU
		{6A111840-72FD-45A7-94F6-E221C3D6DEDE}.Debug|Any CPU.Build.0 = Debug|Any CPU
		{6A111840-72FD-45A7-94F6-E221C3D6DEDE}.Debug|x86.ActiveCfg = Debug|Any CPU
		{6A111840-72FD-45A7-94F6-E221C3D6DEDE}.Release|Any CPU.ActiveCfg = Release|Any CPU
		{6A111840-72FD-45A7-94F6-E221C3D6DEDE}.Release|Any CPU.Build.0 = Release|Any CPU
		{6A111840-72FD-45A7-94F6-E221C3D6DEDE}.Release|x86.ActiveCfg = Release|Any CPU
		{634AB094-5AB6-491E-96F3-89E6007F8921}.Debug|Any CPU.ActiveCfg = Debug|Any CPU
		{634AB094-5AB6-491E-96F3-89E6007F8921}.Debug|Any CPU.Build.0 = Debug|Any CPU
		{634AB094-5AB6-491E-96F3-89E6007F8921}.Debug|x86.ActiveCfg = Debug|Any CPU
		{634AB094-5AB6-491E-96F3-89E6007F8921}.Release|Any CPU.ActiveCfg = Release|Any CPU
		{634AB094-5AB6-491E-96F3-89E6007F8921}.Release|Any CPU.Build.0 = Release|Any CPU
		{634AB094-5AB6-491E-96F3-89E6007F8921}.Release|x86.ActiveCfg = Release|Any CPU
		{8684029A-4B3C-4F89-81BF-9BC9316DD5FC}.Debug|Any CPU.ActiveCfg = Debug|Any CPU
		{8684029A-4B3C-4F89-81BF-9BC9316DD5FC}.Debug|Any CPU.Build.0 = Debug|Any CPU
		{8684029A-4B3C-4F89-81BF-9BC9316DD5FC}.Debug|x86.ActiveCfg = Debug|Any CPU
		{8684029A-4B3C-4F89-81BF-9BC9316DD5FC}.Release|Any CPU.ActiveCfg = Release|Any CPU
		{8684029A-4B3C-4F89-81BF-9BC9316DD5FC}.Release|Any CPU.Build.0 = Release|Any CPU
		{8684029A-4B3C-4F89-81BF-9BC9316DD5FC}.Release|x86.ActiveCfg = Release|Any CPU
		{E809415C-5B6C-410D-BF03-5C6831303848}.Debug|Any CPU.ActiveCfg = Debug|Any CPU
		{E809415C-5B6C-410D-BF03-5C6831303848}.Debug|Any CPU.Build.0 = Debug|Any CPU
		{E809415C-5B6C-410D-BF03-5C6831303848}.Debug|x86.ActiveCfg = Debug|Any CPU
		{E809415C-5B6C-410D-BF03-5C6831303848}.Release|Any CPU.ActiveCfg = Release|Any CPU
		{E809415C-5B6C-410D-BF03-5C6831303848}.Release|Any CPU.Build.0 = Release|Any CPU
		{E809415C-5B6C-410D-BF03-5C6831303848}.Release|x86.ActiveCfg = Release|Any CPU
		{83206A1C-76F2-4D6E-98DA-E4738627A266}.Debug|Any CPU.ActiveCfg = Debug|Any CPU
		{83206A1C-76F2-4D6E-98DA-E4738627A266}.Debug|Any CPU.Build.0 = Debug|Any CPU
		{83206A1C-76F2-4D6E-98DA-E4738627A266}.Debug|x86.ActiveCfg = Debug|Any CPU
		{83206A1C-76F2-4D6E-98DA-E4738627A266}.Release|Any CPU.ActiveCfg = Release|Any CPU
		{83206A1C-76F2-4D6E-98DA-E4738627A266}.Release|Any CPU.Build.0 = Release|Any CPU
		{83206A1C-76F2-4D6E-98DA-E4738627A266}.Release|x86.ActiveCfg = Release|Any CPU
	EndGlobalSection
	GlobalSection(SolutionProperties) = preSolution
		HideSolutionNode = FALSE
	EndGlobalSection
	GlobalSection(NestedProjects) = preSolution
		{634AB094-5AB6-491E-96F3-89E6007F8921} = {64D25632-6F41-4908-8C08-ED9EFC62648C}
		{8684029A-4B3C-4F89-81BF-9BC9316DD5FC} = {64D25632-6F41-4908-8C08-ED9EFC62648C}
		{E809415C-5B6C-410D-BF03-5C6831303848} = {64D25632-6F41-4908-8C08-ED9EFC62648C}
		{D8B5F176-3444-40E8-883C-BC88B4DA9068} = {81F49B88-8EDD-471B-8A19-2DEE2862E740}
		{6A111840-72FD-45A7-94F6-E221C3D6DEDE} = {81F49B88-8EDD-471B-8A19-2DEE2862E740}
		{83206A1C-76F2-4D6E-98DA-E4738627A266} = {81F49B88-8EDD-471B-8A19-2DEE2862E740}
	EndGlobalSection
EndGlobal
